
Microsoft Visual Studio Solution File, Format Version 12.00
# Visual Studio Version 17
VisualStudioVersion = 17.5.002.0
MinimumVisualStudioVersion = 10.0.40219.1
Project("{9A19103F-16F7-4668-BE54-9A1E7A4F7556}") = "MarinersClient", "MarinersClient\MarinersClient.csproj", "{06123E30-1850-4AB9-BAA9-616A07BB1400}"
EndProject
Global
	GlobalSection(SolutionConfigurationPlatforms) = preSolution
		Debug|Any CPU = Debug|Any CPU
		Release|Any CPU = Release|Any CPU
	EndGlobalSection
	GlobalSection(ProjectConfigurationPlatforms) = postSolution
		{06123E30-1850-4AB9-BAA9-616A07BB1400}.Debug|Any CPU.ActiveCfg = Debug|Any CPU
		{06123E30-1850-4AB9-BAA9-616A07BB1400}.Debug|Any CPU.Build.0 = Debug|Any CPU
		{06123E30-1850-4AB9-BAA9-616A07BB1400}.Release|Any CPU.ActiveCfg = Release|Any CPU
		{06123E30-1850-4AB9-BAA9-616A07BB1400}.Release|Any CPU.Build.0 = Release|Any CPU
	EndGlobalSection
	GlobalSection(SolutionProperties) = preSolution
		HideSolutionNode = FALSE
	EndGlobalSection
	GlobalSection(ExtensibilityGlobals) = postSolution
		SolutionGuid = {FEC1839D-9948-4060-A53A-D6E54D8A89BD}
	EndGlobalSection
EndGlobal
